
Microsoft Visual Studio Solution File, Format Version 12.00
# Visual Studio Version 17
VisualStudioVersion = 17.2.32526.322
MinimumVisualStudioVersion = 10.0.40219.1
Project("{FAE04EC0-301F-11D3-BF4B-00C04F79EFBC}") = "TicTacToeKata", "TicTacToeKata\TicTacToeKata.csproj", "{75A02977-024C-4607-A0C9-5A2EB85C7AE8}"
EndProject
Project("{FAE04EC0-301F-11D3-BF4B-00C04F79EFBC}") = "TicTacToeKataTest", "TicTacToeKataTest\TicTacToeKataTest.csproj", "{5D845D51-B956-4F49-BC3B-DBFCE923ECD2}"
EndProject
Global
	GlobalSection(SolutionConfigurationPlatforms) = preSolution
		Debug|Any CPU = Debug|Any CPU
		Release|Any CPU = Release|Any CPU
	EndGlobalSection
	GlobalSection(ProjectConfigurationPlatforms) = postSolution
		{75A02977-024C-4607-A0C9-5A2EB85C7AE8}.Debug|Any CPU.ActiveCfg = Debug|Any CPU
		{75A02977-024C-4607-A0C9-5A2EB85C7AE8}.Debug|Any CPU.Build.0 = Debug|Any CPU
		{75A02977-024C-4607-A0C9-5A2EB85C7AE8}.Release|Any CPU.ActiveCfg = Release|Any CPU
		{75A02977-024C-4607-A0C9-5A2EB85C7AE8}.Release|Any CPU.Build.0 = Release|Any CPU
		{5D845D51-B956-4F49-BC3B-DBFCE923ECD2}.Debug|Any CPU.ActiveCfg = Debug|Any CPU
		{5D845D51-B956-4F49-BC3B-DBFCE923ECD2}.Debug|Any CPU.Build.0 = Debug|Any CPU
		{5D845D51-B956-4F49-BC3B-DBFCE923ECD2}.Release|Any CPU.ActiveCfg = Release|Any CPU
		{5D845D51-B956-4F49-BC3B-DBFCE923ECD2}.Release|Any CPU.Build.0 = Release|Any CPU
	EndGlobalSection
	GlobalSection(SolutionProperties) = preSolution
		HideSolutionNode = FALSE
	EndGlobalSection
	GlobalSection(ExtensibilityGlobals) = postSolution
		SolutionGuid = {41CD20E1-B1EE-428B-9537-DBA4F17DA79F}
	EndGlobalSection
EndGlobal
